// !$*UTF8*$!
{
	archiveVersion = 1;
	classes = {
	};
	objectVersion = 46;
	objects = {

/* Begin PBXBuildFile section */
		653E69591B82F72A0001091B /* main.m in Sources */ = {isa = PBXBuildFile; fileRef = 653E69581B82F72A0001091B /* main.m */; };
		653E695C1B82F72A0001091B /* AppDelegate.m in Sources */ = {isa = PBXBuildFile; fileRef = 653E695B1B82F72A0001091B /* AppDelegate.m */; };
		653E695F1B82F72A0001091B /* ViewController.m in Sources */ = {isa = PBXBuildFile; fileRef = 653E695E1B82F72A0001091B /* ViewController.m */; };
		653E69621B82F72A0001091B /* Main.storyboard in Resources */ = {isa = PBXBuildFile; fileRef = 653E69601B82F72A0001091B /* Main.storyboard */; };
		653E69641B82F72A0001091B /* Images.xcassets in Resources */ = {isa = PBXBuildFile; fileRef = 653E69631B82F72A0001091B /* Images.xcassets */; };
		653E69671B82F72A0001091B /* LaunchScreen.xib in Resources */ = {isa = PBXBuildFile; fileRef = 653E69651B82F72A0001091B /* LaunchScreen.xib */; };
		653E69731B82F72B0001091B /* __2_coredataTests.m in Sources */ = {isa = PBXBuildFile; fileRef = 653E69721B82F72B0001091B /* __2_coredataTests.m */; };
		653E697E1B82F7B80001091B /* CoreData.xcdatamodeld in Sources */ = {isa = PBXBuildFile; fileRef = 653E697C1B82F7B80001091B /* CoreData.xcdatamodeld */; };
		653E69811B82F85D0001091B /* Comment.m in Sources */ = {isa = PBXBuildFile; fileRef = 653E69801B82F85D0001091B /* Comment.m */; };
		653E69831B82F8860001091B /* CoreData.framework in Frameworks */ = {isa = PBXBuildFile; fileRef = 653E69821B82F8860001091B /* CoreData.framework */; };
		653E69851B82F8910001091B /* CoreGraphics.framework in Frameworks */ = {isa = PBXBuildFile; fileRef = 653E69841B82F8910001091B /* CoreGraphics.framework */; };
		653E69871B82F8A30001091B /* Foundation.framework in Frameworks */ = {isa = PBXBuildFile; fileRef = 653E69861B82F8A30001091B /* Foundation.framework */; };
		653E69891B82F8AC0001091B /* UIKit.framework in Frameworks */ = {isa = PBXBuildFile; fileRef = 653E69881B82F8AC0001091B /* UIKit.framework */; };
/* End PBXBuildFile section */

/* Begin PBXContainerItemProxy section */
		653E696D1B82F72B0001091B /* PBXContainerItemProxy */ = {
			isa = PBXContainerItemProxy;
			containerPortal = 653E694B1B82F72A0001091B /* Project object */;
			proxyType = 1;
			remoteGlobalIDString = 653E69521B82F72A0001091B;
			remoteInfo = 7_2_coredata;
		};
/* End PBXContainerItemProxy section */

/* Begin PBXFileReference section */
		653E69531B82F72A0001091B /* 7_2_coredata.app */ = {isa = PBXFileReference; explicitFileType = wrapper.application; includeInIndex = 0; path = 7_2_coredata.app; sourceTree = BUILT_PRODUCTS_DIR; };
		653E69571B82F72A0001091B /* Info.plist */ = {isa = PBXFileReference; lastKnownFileType = text.plist.xml; path = Info.plist; sourceTree = "<group>"; };
		653E69581B82F72A0001091B /* main.m */ = {isa = PBXFileReference; lastKnownFileType = sourcecode.c.objc; path = main.m; sourceTree = "<group>"; };
		653E695A1B82F72A0001091B /* AppDelegate.h */ = {isa = PBXFileReference; lastKnownFileType = sourcecode.c.h; path = AppDelegate.h; sourceTree = "<group>"; };
		653E695B1B82F72A0001091B /* AppDelegate.m */ = {isa = PBXFileReference; lastKnownFileType = sourcecode.c.objc; path = AppDelegate.m; sourceTree = "<group>"; };
		653E695D1B82F72A0001091B /* ViewController.h */ = {isa = PBXFileReference; lastKnownFileType = sourcecode.c.h; path = ViewController.h; sourceTree = "<group>"; };
		653E695E1B82F72A0001091B /* ViewController.m */ = {isa = PBXFileReference; lastKnownFileType = sourcecode.c.objc; path = ViewController.m; sourceTree = "<group>"; };
		653E69611B82F72A0001091B /* Base */ = {isa = PBXFileReference; lastKnownFileType = file.storyboard; name = Base; path = Base.lproj/Main.storyboard; sourceTree = "<group>"; };
		653E69631B82F72A0001091B /* Images.xcassets */ = {isa = PBXFileReference; lastKnownFileType = folder.assetcatalog; path = Images.xcassets; sourceTree = "<group>"; };
		653E69661B82F72A0001091B /* Base */ = {isa = PBXFileReference; lastKnownFileType = file.xib; name = Base; path = Base.lproj/LaunchScreen.xib; sourceTree = "<group>"; };
		653E696C1B82F72B0001091B /* 7_2_coredataTests.xctest */ = {isa = PBXFileReference; explicitFileType = wrapper.cfbundle; includeInIndex = 0; path = 7_2_coredataTests.xctest; sourceTree = BUILT_PRODUCTS_DIR; };
		653E69711B82F72B0001091B /* Info.plist */ = {isa = PBXFileReference; lastKnownFileType = text.plist.xml; path = Info.plist; sourceTree = "<group>"; };
		653E69721B82F72B0001091B /* __2_coredataTests.m */ = {isa = PBXFileReference; lastKnownFileType = sourcecode.c.objc; path = __2_coredataTests.m; sourceTree = "<group>"; };
		653E697D1B82F7B80001091B /* CoreData.xcdatamodel */ = {isa = PBXFileReference; lastKnownFileType = wrapper.xcdatamodel; path = CoreData.xcdatamodel; sourceTree = "<group>"; };
		653E697F1B82F85D0001091B /* Comment.h */ = {isa = PBXFileReference; fileEncoding = 4; lastKnownFileType = sourcecode.c.h; path = Comment.h; sourceTree = "<group>"; };
		653E69801B82F85D0001091B /* Comment.m */ = {isa = PBXFileReference; fileEncoding = 4; lastKnownFileType = sourcecode.c.objc; path = Comment.m; sourceTree = "<group>"; };
		653E69821B82F8860001091B /* CoreData.framework */ = {isa = PBXFileReference; lastKnownFileType = wrapper.framework; name = CoreData.framework; path = System/Library/Frameworks/CoreData.framework; sourceTree = SDKROOT; };
		653E69841B82F8910001091B /* CoreGraphics.framework */ = {isa = PBXFileReference; lastKnownFileType = wrapper.framework; name = CoreGraphics.framework; path = System/Library/Frameworks/CoreGraphics.framework; sourceTree = SDKROOT; };
		653E69861B82F8A30001091B /* Foundation.framework */ = {isa = PBXFileReference; lastKnownFileType = wrapper.framework; name = Foundation.framework; path = System/Library/Frameworks/Foundation.framework; sourceTree = SDKROOT; };
		653E69881B82F8AC0001091B /* UIKit.framework */ = {isa = PBXFileReference; lastKnownFileType = wrapper.framework; name = UIKit.framework; path = System/Library/Frameworks/UIKit.framework; sourceTree = SDKROOT; };
/* End PBXFileReference section */

/* Begin PBXFrameworksBuildPhase section */
		653E69501B82F72A0001091B /* Frameworks */ = {
			isa = PBXFrameworksBuildPhase;
			buildActionMask = 2147483647;
			files = (
				653E69891B82F8AC0001091B /* UIKit.framework in Frameworks */,
				653E69871B82F8A30001091B /* Foundation.framework in Frameworks */,
				653E69851B82F8910001091B /* CoreGraphics.framework in Frameworks */,
				653E69831B82F8860001091B /* CoreData.framework in Frameworks */,
			);
			runOnlyForDeploymentPostprocessing = 0;
		};
		653E69691B82F72B0001091B /* Frameworks */ = {
			isa = PBXFrameworksBuildPhase;
			buildActionMask = 2147483647;
			files = (
			);
			runOnlyForDeploymentPostprocessing = 0;
		};
/* End PBXFrameworksBuildPhase section */

/* Begin PBXGroup section */
		653E694A1B82F72A0001091B = {
			isa = PBXGroup;
			children = (
				653E69881B82F8AC0001091B /* UIKit.framework */,
				653E69861B82F8A30001091B /* Foundation.framework */,
				653E69841B82F8910001091B /* CoreGraphics.framework */,
				653E69821B82F8860001091B /* CoreData.framework */,
				653E697C1B82F7B80001091B /* CoreData.xcdatamodeld */,
				653E69551B82F72A0001091B /* 7_2_coredata */,
				653E696F1B82F72B0001091B /* 7_2_coredataTests */,
				653E69541B82F72A0001091B /* Products */,
			);
			sourceTree = "<group>";
		};
		653E69541B82F72A0001091B /* Products */ = {
			isa = PBXGroup;
			children = (
				653E69531B82F72A0001091B /* 7_2_coredata.app */,
				653E696C1B82F72B0001091B /* 7_2_coredataTests.xctest */,
			);
			name = Products;
			sourceTree = "<group>";
		};
		653E69551B82F72A0001091B /* 7_2_coredata */ = {
			isa = PBXGroup;
			children = (
				653E697F1B82F85D0001091B /* Comment.h */,
				653E69801B82F85D0001091B /* Comment.m */,
				653E695A1B82F72A0001091B /* AppDelegate.h */,
				653E695B1B82F72A0001091B /* AppDelegate.m */,
				653E695D1B82F72A0001091B /* ViewController.h */,
				653E695E1B82F72A0001091B /* ViewController.m */,
				653E69601B82F72A0001091B /* Main.storyboard */,
				653E69631B82F72A0001091B /* Images.xcassets */,
				653E69651B82F72A0001091B /* LaunchScreen.xib */,
				653E69561B82F72A0001091B /* Supporting Files */,
			);
			path = 7_2_coredata;
			sourceTree = "<group>";
		};
		653E69561B82F72A0001091B /* Supporting Files */ = {
			isa = PBXGroup;
			children = (
				653E69571B82F72A0001091B /* Info.plist */,
				653E69581B82F72A0001091B /* main.m */,
			);
			name = "Supporting Files";
			sourceTree = "<group>";
		};
		653E696F1B82F72B0001091B /* 7_2_coredataTests */ = {
			isa = PBXGroup;
			children = (
				653E69721B82F72B0001091B /* __2_coredataTests.m */,
				653E69701B82F72B0001091B /* Supporting Files */,
			);
			path = 7_2_coredataTests;
			sourceTree = "<group>";
		};
		653E69701B82F72B0001091B /* Supporting Files */ = {
			isa = PBXGroup;
			children = (
				653E69711B82F72B0001091B /* Info.plist */,
			);
			name = "Supporting Files";
			sourceTree = "<group>";
		};
/* End PBXGroup section */

/* Begin PBXNativeTarget section */
		653E69521B82F72A0001091B /* 7_2_coredata */ = {
			isa = PBXNativeTarget;
			buildConfigurationList = 653E69761B82F72B0001091B /* Build configuration list for PBXNativeTarget "7_2_coredata" */;
			buildPhases = (
				653E694F1B82F72A0001091B /* Sources */,
				653E69501B82F72A0001091B /* Frameworks */,
				653E69511B82F72A0001091B /* Resources */,
			);
			buildRules = (
			);
			dependencies = (
			);
			name = 7_2_coredata;
			productName = 7_2_coredata;
			productReference = 653E69531B82F72A0001091B /* 7_2_coredata.app */;
			productType = "com.apple.product-type.application";
		};
		653E696B1B82F72B0001091B /* 7_2_coredataTests */ = {
			isa = PBXNativeTarget;
			buildConfigurationList = 653E69791B82F72B0001091B /* Build configuration list for PBXNativeTarget "7_2_coredataTests" */;
			buildPhases = (
				653E69681B82F72B0001091B /* Sources */,
				653E69691B82F72B0001091B /* Frameworks */,
				653E696A1B82F72B0001091B /* Resources */,
			);
			buildRules = (
			);
			dependencies = (
				653E696E1B82F72B0001091B /* PBXTargetDependency */,
			);
			name = 7_2_coredataTests;
			productName = 7_2_coredataTests;
			productReference = 653E696C1B82F72B0001091B /* 7_2_coredataTests.xctest */;
			productType = "com.apple.product-type.bundle.unit-test";
		};
/* End PBXNativeTarget section */

/* Begin PBXProject section */
		653E694B1B82F72A0001091B /* Project object */ = {
			isa = PBXProject;
			attributes = {
				LastUpgradeCheck = 0640;
				ORGANIZATIONNAME = "Shinya Hirai";
				TargetAttributes = {
					653E69521B82F72A0001091B = {
						CreatedOnToolsVersion = 6.4;
					};
					653E696B1B82F72B0001091B = {
						CreatedOnToolsVersion = 6.4;
						TestTargetID = 653E69521B82F72A0001091B;
					};
				};
			};
			buildConfigurationList = 653E694E1B82F72A0001091B /* Build configuration list for PBXProject "7_2_coredata" */;
			compatibilityVersion = "Xcode 3.2";
			developmentRegion = English;
			hasScannedForEncodings = 0;
			knownRegions = (
				en,
				Base,
			);
			mainGroup = 653E694A1B82F72A0001091B;
			productRefGroup = 653E69541B82F72A0001091B /* Products */;
			projectDirPath = "";
			projectRoot = "";
			targets = (
				653E69521B82F72A0001091B /* 7_2_coredata */,
				653E696B1B82F72B0001091B /* 7_2_coredataTests */,
			);
		};
/* End PBXProject section */

/* Begin PBXResourcesBuildPhase section */
		653E69511B82F72A0001091B /* Resources */ = {
			isa = PBXResourcesBuildPhase;
			buildActionMask = 2147483647;
			files = (
				653E69621B82F72A0001091B /* Main.storyboard in Resources */,
				653E69671B82F72A0001091B /* LaunchScreen.xib in Resources */,
				653E69641B82F72A0001091B /* Images.xcassets in Resources */,
			);
			runOnlyForDeploymentPostprocessing = 0;
		};
		653E696A1B82F72B0001091B /* Resources */ = {
			isa = PBXResourcesBuildPhase;
			buildActionMask = 2147483647;
			files = (
			);
			runOnlyForDeploymentPostprocessing = 0;
		};
/* End PBXResourcesBuildPhase section */

/* Begin PBXSourcesBuildPhase section */
		653E694F1B82F72A0001091B /* Sources */ = {
			isa = PBXSourcesBuildPhase;
			buildActionMask = 2147483647;
			files = (
				653E697E1B82F7B80001091B /* CoreData.xcdatamodeld in Sources */,
				653E695F1B82F72A0001091B /* ViewController.m in Sources */,
				653E695C1B82F72A0001091B /* AppDelegate.m in Sources */,
				653E69811B82F85D0001091B /* Comment.m in Sources */,
				653E69591B82F72A0001091B /* main.m in Sources */,
			);
			runOnlyForDeploymentPostprocessing = 0;
		};
		653E69681B82F72B0001091B /* Sources */ = {
			isa = PBXSourcesBuildPhase;
			buildActionMask = 2147483647;
			files = (
				653E69731B82F72B0001091B /* __2_coredataTests.m in Sources */,
			);
			runOnlyForDeploymentPostprocessing = 0;
		};
/* End PBXSourcesBuildPhase section */

/* Begin PBXTargetDependency section */
		653E696E1B82F72B0001091B /* PBXTargetDependency */ = {
			isa = PBXTargetDependency;
			target = 653E69521B82F72A0001091B /* 7_2_coredata */;
			targetProxy = 653E696D1B82F72B0001091B /* PBXContainerItemProxy */;
		};
/* End PBXTargetDependency section */

/* Begin PBXVariantGroup section */
		653E69601B82F72A0001091B /* Main.storyboard */ = {
			isa = PBXVariantGroup;
			children = (
				653E69611B82F72A0001091B /* Base */,
			);
			name = Main.storyboard;
			sourceTree = "<group>";
		};
		653E69651B82F72A0001091B /* LaunchScreen.xib */ = {
			isa = PBXVariantGroup;
			children = (
				653E69661B82F72A0001091B /* Base */,
			);
			name = LaunchScreen.xib;
			sourceTree = "<group>";
		};
/* End PBXVariantGroup section */

/* Begin XCBuildConfiguration section */
		653E69741B82F72B0001091B /* Debug */ = {
			isa = XCBuildConfiguration;
			buildSettings = {
				ALWAYS_SEARCH_USER_PATHS = NO;
				CLANG_CXX_LANGUAGE_STANDARD = "gnu++0x";
				CLANG_CXX_LIBRARY = "libc++";
				CLANG_ENABLE_MODULES = YES;
				CLANG_ENABLE_OBJC_ARC = YES;
				CLANG_WARN_BOOL_CONVERSION = YES;
				CLANG_WARN_CONSTANT_CONVERSION = YES;
				CLANG_WARN_DIRECT_OBJC_ISA_USAGE = YES_ERROR;
				CLANG_WARN_EMPTY_BODY = YES;
				CLANG_WARN_ENUM_CONVERSION = YES;
				CLANG_WARN_INT_CONVERSION = YES;
				CLANG_WARN_OBJC_ROOT_CLASS = YES_ERROR;
				CLANG_WARN_UNREACHABLE_CODE = YES;
				CLANG_WARN__DUPLICATE_METHOD_MATCH = YES;
				"CODE_SIGN_IDENTITY[sdk=iphoneos*]" = "iPhone Developer";
				COPY_PHASE_STRIP = NO;
				DEBUG_INFORMATION_FORMAT = "dwarf-with-dsym";
				ENABLE_STRICT_OBJC_MSGSEND = YES;
				GCC_C_LANGUAGE_STANDARD = gnu99;
				GCC_DYNAMIC_NO_PIC = NO;
				GCC_NO_COMMON_BLOCKS = YES;
				GCC_OPTIMIZATION_LEVEL = 0;
				GCC_PREPROCESSOR_DEFINITIONS = (
					"DEBUG=1",
					"$(inherited)",
				);
				GCC_SYMBOLS_PRIVATE_EXTERN = NO;
				GCC_WARN_64_TO_32_BIT_CONVERSION = YES;
				GCC_WARN_ABOUT_RETURN_TYPE = YES_ERROR;
				GCC_WARN_UNDECLARED_SELECTOR = YES;
				GCC_WARN_UNINITIALIZED_AUTOS = YES_AGGRESSIVE;
				GCC_WARN_UNUSED_FUNCTION = YES;
				GCC_WARN_UNUSED_VARIABLE = YES;
				IPHONEOS_DEPLOYMENT_TARGET = 8.4;
				MTL_ENABLE_DEBUG_INFO = YES;
				ONLY_ACTIVE_ARCH = YES;
				SDKROOT = iphoneos;
			};
			name = Debug;
		};
		653E69751B82F72B0001091B /* Release */ = {
			isa = XCBuildConfiguration;
			buildSettings = {
				ALWAYS_SEARCH_USER_PATHS = NO;
				CLANG_CXX_LANGUAGE_STANDARD = "gnu++0x";
				CLANG_CXX_LIBRARY = "libc++";
				CLANG_ENABLE_MODULES = YES;
				CLANG_ENABLE_OBJC_ARC = YES;
				CLANG_WARN_BOOL_CONVERSION = YES;
				CLANG_WARN_CONSTANT_CONVERSION = YES;
				CLANG_WARN_DIRECT_OBJC_ISA_USAGE = YES_ERROR;
				CLANG_WARN_EMPTY_BODY = YES;
				CLANG_WARN_ENUM_CONVERSION = YES;
				CLANG_WARN_INT_CONVERSION = YES;
				CLANG_WARN_OBJC_ROOT_CLASS = YES_ERROR;
				CLANG_WARN_UNREACHABLE_CODE = YES;
				CLANG_WARN__DUPLICATE_METHOD_MATCH = YES;
				"CODE_SIGN_IDENTITY[sdk=iphoneos*]" = "iPhone Developer";
				COPY_PHASE_STRIP = NO;
				DEBUG_INFORMATION_FORMAT = "dwarf-with-dsym";
				ENABLE_NS_ASSERTIONS = NO;
				ENABLE_STRICT_OBJC_MSGSEND = YES;
				GCC_C_LANGUAGE_STANDARD = gnu99;
				GCC_NO_COMMON_BLOCKS = YES;
				GCC_WARN_64_TO_32_BIT_CONVERSION = YES;
				GCC_WARN_ABOUT_RETURN_TYPE = YES_ERROR;
				GCC_WARN_UNDECLARED_SELECTOR = YES;
				GCC_WARN_UNINITIALIZED_AUTOS = YES_AGGRESSIVE;
				GCC_WARN_UNUSED_FUNCTION = YES;
				GCC_WARN_UNUSED_VARIABLE = YES;
				IPHONEOS_DEPLOYMENT_TARGET = 8.4;
				MTL_ENABLE_DEBUG_INFO = NO;
				SDKROOT = iphoneos;
				VALIDATE_PRODUCT = YES;
			};
			name = Release;
		};
		653E69771B82F72B0001091B /* Debug */ = {
			isa = XCBuildConfiguration;
			buildSettings = {
				ASSETCATALOG_COMPILER_APPICON_NAME = AppIcon;
				INFOPLIST_FILE = 7_2_coredata/Info.plist;
				LD_RUNPATH_SEARCH_PATHS = "$(inherited) @executable_path/Frameworks";
				PRODUCT_NAME = "$(TARGET_NAME)";
			};
			name = Debug;
		};
		653E69781B82F72B0001091B /* Release */ = {
			isa = XCBuildConfiguration;
			buildSettings = {
				ASSETCATALOG_COMPILER_APPICON_NAME = AppIcon;
				INFOPLIST_FILE = 7_2_coredata/Info.plist;
				LD_RUNPATH_SEARCH_PATHS = "$(inherited) @executable_path/Frameworks";
				PRODUCT_NAME = "$(TARGET_NAME)";
			};
			name = Release;
		};
		653E697A1B82F72B0001091B /* Debug */ = {
			isa = XCBuildConfiguration;
			buildSettings = {
				BUNDLE_LOADER = "$(TEST_HOST)";
				FRAMEWORK_SEARCH_PATHS = (
					"$(SDKROOT)/Developer/Library/Frameworks",
					"$(inherited)",
				);
				GCC_PREPROCESSOR_DEFINITIONS = (
					"DEBUG=1",
					"$(inherited)",
				);
				INFOPLIST_FILE = 7_2_coredataTests/Info.plist;
				LD_RUNPATH_SEARCH_PATHS = "$(inherited) @executable_path/Frameworks @loader_path/Frameworks";
				PRODUCT_NAME = "$(TARGET_NAME)";
				TEST_HOST = "$(BUILT_PRODUCTS_DIR)/7_2_coredata.app/7_2_coredata";
			};
			name = Debug;
		};
		653E697B1B82F72B0001091B /* Release */ = {
			isa = XCBuildConfiguration;
			buildSettings = {
				BUNDLE_LOADER = "$(TEST_HOST)";
				FRAMEWORK_SEARCH_PATHS = (
					"$(SDKROOT)/Developer/Library/Frameworks",
					"$(inherited)",
				);
				INFOPLIST_FILE = 7_2_coredataTests/Info.plist;
				LD_RUNPATH_SEARCH_PATHS = "$(inherited) @executable_path/Frameworks @loader_path/Frameworks";
				PRODUCT_NAME = "$(TARGET_NAME)";
				TEST_HOST = "$(BUILT_PRODUCTS_DIR)/7_2_coredata.app/7_2_coredata";
			};
			name = Release;
		};
/* End XCBuildConfiguration section */

/* Begin XCConfigurationList section */
		653E694E1B82F72A0001091B /* Build configuration list for PBXProject "7_2_coredata" */ = {
			isa = XCConfigurationList;
			buildConfigurations = (
				653E69741B82F72B0001091B /* Debug */,
				653E69751B82F72B0001091B /* Release */,
			);
			defaultConfigurationIsVisible = 0;
			defaultConfigurationName = Release;
		};
		653E69761B82F72B0001091B /* Build configuration list for PBXNativeTarget "7_2_coredata" */ = {
			isa = XCConfigurationList;
			buildConfigurations = (
				653E69771B82F72B0001091B /* Debug */,
				653E69781B82F72B0001091B /* Release */,
			);
			defaultConfigurationIsVisible = 0;
		};
		653E69791B82F72B0001091B /* Build configuration list for PBXNativeTarget "7_2_coredataTests" */ = {
			isa = XCConfigurationList;
			buildConfigurations = (
				653E697A1B82F72B0001091B /* Debug */,
				653E697B1B82F72B0001091B /* Release */,
			);
			defaultConfigurationIsVisible = 0;
		};
/* End XCConfigurationList section */

/* Begin XCVersionGroup section */
		653E697C1B82F7B80001091B /* CoreData.xcdatamodeld */ = {
			isa = XCVersionGroup;
			children = (
				653E697D1B82F7B80001091B /* CoreData.xcdatamodel */,
			);
			currentVersion = 653E697D1B82F7B80001091B /* CoreData.xcdatamodel */;
			path = CoreData.xcdatamodeld;
			sourceTree = "<group>";
			versionGroupType = wrapper.xcdatamodel;
		};
/* End XCVersionGroup section */
	};
	rootObject = 653E694B1B82F72A0001091B /* Project object */;
}
